# THIS IS AN AUTOGENERATED FILE. DO NOT EDIT THIS FILE DIRECTLY.
# yarn lockfile v1


"ckeditor-html5-video@https://github.com/bahriddin/ckeditor-html5-video":
  version "0.0.0"
  resolved "https://github.com/bahriddin/ckeditor-html5-video#15fc6b10c2d8031ffa45824eaeded4314c4a2a86"

ckeditor-youtube-plugin@^2.1.19:
  version "2.1.19"
  resolved "https://registry.yarnpkg.com/ckeditor-youtube-plugin/-/ckeditor-youtube-plugin-2.1.19.tgz#f6efdd3785fbe29920b944860a36aacc336bf86a"
  integrity sha512-5+4DNBEFa7qspX7exbDR8QSf6mU+kzyY6WhrLT2S1mxWRqNgC4PvVvs92gHHiLGR3cjylYPGOHu+agRlSsItsw==

ckeditor4@4.22.1:
  version "4.22.1"
  resolved "https://registry.yarnpkg.com/ckeditor4/-/ckeditor4-4.22.1.tgz#a4e79db1bac2ccb9a672c47e601ba4882afaf455"
  integrity sha512-Yj4vTHX5YxHwc48gNqUqTm+KLkRr9tuyb4O2VIABu4oKHWRNVIdLdy6vUNe/XNx+RiTavMejfA1MVOU/MxLjqQ==

"moonocolor@https://github.com/maartentibau/moonocolor":
  version "0.0.0"
  resolved "https://github.com/maartentibau/moonocolor#0c8eab6daedc433bd23cca7bd2ed95966c4b3b09"
